
Microsoft Visual Studio Solution File, Format Version 12.00
# Visual Studio 15
VisualStudioVersion = 15.0.26124.0
MinimumVisualStudioVersion = 15.0.26124.0
Project("{FAE04EC0-301F-11D3-BF4B-00C04F79EFBC}") = "QuantileEstimator", "src\QuantileEstimator\QuantileEstimator.csproj", "{9AFBA30B-6219-4654-983B-4A023870D1C5}"
EndProject
Project("{FAE04EC0-301F-11D3-BF4B-00C04F79EFBC}") = "QuantileEstimatorTest", "test\QuantileEstimatorTest\QuantileEstimatorTest.csproj", "{FABE9521-7C26-4B34-B9B4-F1AB17A626CA}"
EndProject
Global
	GlobalSection(SolutionConfigurationPlatforms) = preSolution
		Debug|Any CPU = Debug|Any CPU
		Debug|x64 = Debug|x64
		Debug|x86 = Debug|x86
		Release|Any CPU = Release|Any CPU
		Release|x64 = Release|x64
		Release|x86 = Release|x86
	EndGlobalSection
	GlobalSection(SolutionProperties) = preSolution
		HideSolutionNode = FALSE
	EndGlobalSection
	GlobalSection(ProjectConfigurationPlatforms) = postSolution
		{9AFBA30B-6219-4654-983B-4A023870D1C5}.Debug|Any CPU.ActiveCfg = Debug|Any CPU
		{9AFBA30B-6219-4654-983B-4A023870D1C5}.Debug|Any CPU.Build.0 = Debug|Any CPU
		{9AFBA30B-6219-4654-983B-4A023870D1C5}.Debug|x64.ActiveCfg = Debug|x64
		{9AFBA30B-6219-4654-983B-4A023870D1C5}.Debug|x64.Build.0 = Debug|x64
		{9AFBA30B-6219-4654-983B-4A023870D1C5}.Debug|x86.ActiveCfg = Debug|x86
		{9AFBA30B-6219-4654-983B-4A023870D1C5}.Debug|x86.Build.0 = Debug|x86
		{9AFBA30B-6219-4654-983B-4A023870D1C5}.Release|Any CPU.ActiveCfg = Release|Any CPU
		{9AFBA30B-6219-4654-983B-4A023870D1C5}.Release|Any CPU.Build.0 = Release|Any CPU
		{9AFBA30B-6219-4654-983B-4A023870D1C5}.Release|x64.ActiveCfg = Release|x64
		{9AFBA30B-6219-4654-983B-4A023870D1C5}.Release|x64.Build.0 = Release|x64
		{9AFBA30B-6219-4654-983B-4A023870D1C5}.Release|x86.ActiveCfg = Release|x86
		{9AFBA30B-6219-4654-983B-4A023870D1C5}.Release|x86.Build.0 = Release|x86
		{FABE9521-7C26-4B34-B9B4-F1AB17A626CA}.Debug|Any CPU.ActiveCfg = Debug|Any CPU
		{FABE9521-7C26-4B34-B9B4-F1AB17A626CA}.Debug|Any CPU.Build.0 = Debug|Any CPU
		{FABE9521-7C26-4B34-B9B4-F1AB17A626CA}.Debug|x64.ActiveCfg = Debug|x64
		{FABE9521-7C26-4B34-B9B4-F1AB17A626CA}.Debug|x64.Build.0 = Debug|x64
		{FABE9521-7C26-4B34-B9B4-F1AB17A626CA}.Debug|x86.ActiveCfg = Debug|x86
		{FABE9521-7C26-4B34-B9B4-F1AB17A626CA}.Debug|x86.Build.0 = Debug|x86
		{FABE9521-7C26-4B34-B9B4-F1AB17A626CA}.Release|Any CPU.ActiveCfg = Release|Any CPU
		{FABE9521-7C26-4B34-B9B4-F1AB17A626CA}.Release|Any CPU.Build.0 = Release|Any CPU
		{FABE9521-7C26-4B34-B9B4-F1AB17A626CA}.Release|x64.ActiveCfg = Release|x64
		{FABE9521-7C26-4B34-B9B4-F1AB17A626CA}.Release|x64.Build.0 = Release|x64
		{FABE9521-7C26-4B34-B9B4-F1AB17A626CA}.Release|x86.ActiveCfg = Release|x86
		{FABE9521-7C26-4B34-B9B4-F1AB17A626CA}.Release|x86.Build.0 = Release|x86
	EndGlobalSection
EndGlobal
